
Microsoft Visual Studio Solution File, Format Version 12.00
# Visual Studio 2013
VisualStudioVersion = 12.0.21005.1
MinimumVisualStudioVersion = 10.0.40219.1
Project("{8BC9CEB8-8B4A-11D0-8D11-00A0C91BC942}") = "libscrypt", "libscrypt\libscrypt.vcxproj", "{7B0F9FB2-C41A-4470-A481-044D68F4C266}"
EndProject
Project("{FAE04EC0-301F-11D3-BF4B-00C04F79EFBC}") = "BlackFox.Cryptography.NetScrypt", "BlackFox.Cryptography.NetScrypt\BlackFox.Cryptography.NetScrypt.csproj", "{BBCAF9F0-0071-44BB-82F4-2081F5E9EBBC}"
EndProject
Project("{FAE04EC0-301F-11D3-BF4B-00C04F79EFBC}") = "BlackFox.Cryptography.Scrypt", "BlackFox.Cryptography.Scrypt\BlackFox.Cryptography.Scrypt.csproj", "{3000F8CA-664D-40F5-9296-E67477146D91}"
EndProject
Project("{FAE04EC0-301F-11D3-BF4B-00C04F79EFBC}") = "BlackFox.Cryptography.NetScrypt.Tests", "BlackFox.Cryptography.NetScrypt.Tests\BlackFox.Cryptography.NetScrypt.Tests.csproj", "{4D35A557-DC23-4242-B948-0E38E45E9354}"
EndProject
Project("{2150E333-8FDC-42A3-9474-1A3956D46DE8}") = ".nuget", ".nuget", "{FFF6720C-EFB6-4AD6-9C0C-7ED100B9415C}"
	ProjectSection(SolutionItems) = preProject
		.nuget\NuGet.Config = .nuget\NuGet.Config
		.nuget\NuGet.exe = .nuget\NuGet.exe
		.nuget\NuGet.targets = .nuget\NuGet.targets
	EndProjectSection
EndProject
Project("{2150E333-8FDC-42A3-9474-1A3956D46DE8}") = "Solution Items", "Solution Items", "{F360977E-34E7-4B39-9817-BD3BDCF50F39}"
	ProjectSection(SolutionItems) = preProject
		LICENSE = LICENSE
		README.md = README.md
	EndProjectSection
EndProject
Global
	GlobalSection(SolutionConfigurationPlatforms) = preSolution
		Debug libscrypt Win32|Any CPU = Debug libscrypt Win32|Any CPU
		Debug libscrypt Win32|Mixed Platforms = Debug libscrypt Win32|Mixed Platforms
		Debug libscrypt Win32|Win32 = Debug libscrypt Win32|Win32
		Debug libscrypt Win32|x64 = Debug libscrypt Win32|x64
		Debug libscrypt x64|Any CPU = Debug libscrypt x64|Any CPU
		Debug libscrypt x64|Mixed Platforms = Debug libscrypt x64|Mixed Platforms
		Debug libscrypt x64|Win32 = Debug libscrypt x64|Win32
		Debug libscrypt x64|x64 = Debug libscrypt x64|x64
		Debug|Any CPU = Debug|Any CPU
		Debug|Mixed Platforms = Debug|Mixed Platforms
		Debug|Win32 = Debug|Win32
		Debug|x64 = Debug|x64
		Release libscrypt Win32|Any CPU = Release libscrypt Win32|Any CPU
		Release libscrypt Win32|Mixed Platforms = Release libscrypt Win32|Mixed Platforms
		Release libscrypt Win32|Win32 = Release libscrypt Win32|Win32
		Release libscrypt Win32|x64 = Release libscrypt Win32|x64
		Release libscrypt x64|Any CPU = Release libscrypt x64|Any CPU
		Release libscrypt x64|Mixed Platforms = Release libscrypt x64|Mixed Platforms
		Release libscrypt x64|Win32 = Release libscrypt x64|Win32
		Release libscrypt x64|x64 = Release libscrypt x64|x64
		Release|Any CPU = Release|Any CPU
		Release|Mixed Platforms = Release|Mixed Platforms
		Release|Win32 = Release|Win32
		Release|x64 = Release|x64
	EndGlobalSection
	GlobalSection(ProjectConfigurationPlatforms) = postSolution
		{7B0F9FB2-C41A-4470-A481-044D68F4C266}.Debug libscrypt Win32|Any CPU.ActiveCfg = Debug|Win32
		{7B0F9FB2-C41A-4470-A481-044D68F4C266}.Debug libscrypt Win32|Mixed Platforms.ActiveCfg = Debug|Win32
		{7B0F9FB2-C41A-4470-A481-044D68F4C266}.Debug libscrypt Win32|Mixed Platforms.Build.0 = Debug|Win32
		{7B0F9FB2-C41A-4470-A481-044D68F4C266}.Debug libscrypt Win32|Win32.ActiveCfg = Debug|Win32
		{7B0F9FB2-C41A-4470-A481-044D68F4C266}.Debug libscrypt Win32|Win32.Build.0 = Debug|Win32
		{7B0F9FB2-C41A-4470-A481-044D68F4C266}.Debug libscrypt Win32|x64.ActiveCfg = Debug|x64
		{7B0F9FB2-C41A-4470-A481-044D68F4C266}.Debug libscrypt Win32|x64.Build.0 = Debug|x64
		{7B0F9FB2-C41A-4470-A481-044D68F4C266}.Debug libscrypt x64|Any CPU.ActiveCfg = Debug|Win32
		{7B0F9FB2-C41A-4470-A481-044D68F4C266}.Debug libscrypt x64|Mixed Platforms.ActiveCfg = Debug|x64
		{7B0F9FB2-C41A-4470-A481-044D68F4C266}.Debug libscrypt x64|Mixed Platforms.Build.0 = Debug|x64
		{7B0F9FB2-C41A-4470-A481-044D68F4C266}.Debug libscrypt x64|Win32.ActiveCfg = Debug|Win32
		{7B0F9FB2-C41A-4470-A481-044D68F4C266}.Debug libscrypt x64|Win32.Build.0 = Debug|Win32
		{7B0F9FB2-C41A-4470-A481-044D68F4C266}.Debug libscrypt x64|x64.ActiveCfg = Debug|x64
		{7B0F9FB2-C41A-4470-A481-044D68F4C266}.Debug libscrypt x64|x64.Build.0 = Debug|x64
		{7B0F9FB2-C41A-4470-A481-044D68F4C266}.Debug|Any CPU.ActiveCfg = Debug|Win32
		{7B0F9FB2-C41A-4470-A481-044D68F4C266}.Debug|Mixed Platforms.ActiveCfg = Debug|Win32
		{7B0F9FB2-C41A-4470-A481-044D68F4C266}.Debug|Win32.ActiveCfg = Debug|Win32
		{7B0F9FB2-C41A-4470-A481-044D68F4C266}.Debug|Win32.Build.0 = Debug|Win32
		{7B0F9FB2-C41A-4470-A481-044D68F4C266}.Debug|x64.ActiveCfg = Debug|x64
		{7B0F9FB2-C41A-4470-A481-044D68F4C266}.Debug|x64.Build.0 = Debug|x64
		{7B0F9FB2-C41A-4470-A481-044D68F4C266}.Release libscrypt Win32|Any CPU.ActiveCfg = Release|Win32
		{7B0F9FB2-C41A-4470-A481-044D68F4C266}.Release libscrypt Win32|Mixed Platforms.ActiveCfg = Release|Win32
		{7B0F9FB2-C41A-4470-A481-044D68F4C266}.Release libscrypt Win32|Mixed Platforms.Build.0 = Release|Win32
		{7B0F9FB2-C41A-4470-A481-044D68F4C266}.Release libscrypt Win32|Win32.ActiveCfg = Release|Win32
		{7B0F9FB2-C41A-4470-A481-044D68F4C266}.Release libscrypt Win32|Win32.Build.0 = Release|Win32
		{7B0F9FB2-C41A-4470-A481-044D68F4C266}.Release libscrypt Win32|x64.ActiveCfg = Release|x64
		{7B0F9FB2-C41A-4470-A481-044D68F4C266}.Release libscrypt Win32|x64.Build.0 = Release|x64
		{7B0F9FB2-C41A-4470-A481-044D68F4C266}.Release libscrypt x64|Any CPU.ActiveCfg = Release|Win32
		{7B0F9FB2-C41A-4470-A481-044D68F4C266}.Release libscrypt x64|Mixed Platforms.ActiveCfg = Release|x64
		{7B0F9FB2-C41A-4470-A481-044D68F4C266}.Release libscrypt x64|Mixed Platforms.Build.0 = Release|x64
		{7B0F9FB2-C41A-4470-A481-044D68F4C266}.Release libscrypt x64|Win32.ActiveCfg = Release|Win32
		{7B0F9FB2-C41A-4470-A481-044D68F4C266}.Release libscrypt x64|Win32.Build.0 = Release|Win32
		{7B0F9FB2-C41A-4470-A481-044D68F4C266}.Release libscrypt x64|x64.ActiveCfg = Release|x64
		{7B0F9FB2-C41A-4470-A481-044D68F4C266}.Release libscrypt x64|x64.Build.0 = Release|x64
		{7B0F9FB2-C41A-4470-A481-044D68F4C266}.Release|Any CPU.ActiveCfg = Release|Win32
		{7B0F9FB2-C41A-4470-A481-044D68F4C266}.Release|Mixed Platforms.ActiveCfg = Release|Win32
		{7B0F9FB2-C41A-4470-A481-044D68F4C266}.Release|Win32.ActiveCfg = Release|Win32
		{7B0F9FB2-C41A-4470-A481-044D68F4C266}.Release|Win32.Build.0 = Release|Win32
		{7B0F9FB2-C41A-4470-A481-044D68F4C266}.Release|x64.ActiveCfg = Release|x64
		{7B0F9FB2-C41A-4470-A481-044D68F4C266}.Release|x64.Build.0 = Release|x64
		{BBCAF9F0-0071-44BB-82F4-2081F5E9EBBC}.Debug libscrypt Win32|Any CPU.ActiveCfg = Debug|Any CPU
		{BBCAF9F0-0071-44BB-82F4-2081F5E9EBBC}.Debug libscrypt Win32|Any CPU.Build.0 = Debug|Any CPU
		{BBCAF9F0-0071-44BB-82F4-2081F5E9EBBC}.Debug libscrypt Win32|Mixed Platforms.ActiveCfg = Debug|Any CPU
		{BBCAF9F0-0071-44BB-82F4-2081F5E9EBBC}.Debug libscrypt Win32|Win32.ActiveCfg = Debug|Any CPU
		{BBCAF9F0-0071-44BB-82F4-2081F5E9EBBC}.Debug libscrypt Win32|x64.ActiveCfg = Debug|Any CPU
		{BBCAF9F0-0071-44BB-82F4-2081F5E9EBBC}.Debug libscrypt x64|Any CPU.ActiveCfg = Debug|Any CPU
		{BBCAF9F0-0071-44BB-82F4-2081F5E9EBBC}.Debug libscrypt x64|Any CPU.Build.0 = Debug|Any CPU
		{BBCAF9F0-0071-44BB-82F4-2081F5E9EBBC}.Debug libscrypt x64|Mixed Platforms.ActiveCfg = Debug|Any CPU
		{BBCAF9F0-0071-44BB-82F4-2081F5E9EBBC}.Debug libscrypt x64|Win32.ActiveCfg = Debug|Any CPU
		{BBCAF9F0-0071-44BB-82F4-2081F5E9EBBC}.Debug libscrypt x64|x64.ActiveCfg = Debug|Any CPU
		{BBCAF9F0-0071-44BB-82F4-2081F5E9EBBC}.Debug|Any CPU.ActiveCfg = Debug|Any CPU
		{BBCAF9F0-0071-44BB-82F4-2081F5E9EBBC}.Debug|Any CPU.Build.0 = Debug|Any CPU
		{BBCAF9F0-0071-44BB-82F4-2081F5E9EBBC}.Debug|Mixed Platforms.ActiveCfg = Debug|Any CPU
		{BBCAF9F0-0071-44BB-82F4-2081F5E9EBBC}.Debug|Mixed Platforms.Build.0 = Debug|Any CPU
		{BBCAF9F0-0071-44BB-82F4-2081F5E9EBBC}.Debug|Win32.ActiveCfg = Debug|Any CPU
		{BBCAF9F0-0071-44BB-82F4-2081F5E9EBBC}.Debug|x64.ActiveCfg = Debug|Any CPU
		{BBCAF9F0-0071-44BB-82F4-2081F5E9EBBC}.Release libscrypt Win32|Any CPU.ActiveCfg = Release|Any CPU
		{BBCAF9F0-0071-44BB-82F4-2081F5E9EBBC}.Release libscrypt Win32|Any CPU.Build.0 = Release|Any CPU
		{BBCAF9F0-0071-44BB-82F4-2081F5E9EBBC}.Release libscrypt Win32|Mixed Platforms.ActiveCfg = Release|Any CPU
		{BBCAF9F0-0071-44BB-82F4-2081F5E9EBBC}.Release libscrypt Win32|Win32.ActiveCfg = Release|Any CPU
		{BBCAF9F0-0071-44BB-82F4-2081F5E9EBBC}.Release libscrypt Win32|x64.ActiveCfg = Release|Any CPU
		{BBCAF9F0-0071-44BB-82F4-2081F5E9EBBC}.Release libscrypt x64|Any CPU.ActiveCfg = Release|Any CPU
		{BBCAF9F0-0071-44BB-82F4-2081F5E9EBBC}.Release libscrypt x64|Any CPU.Build.0 = Release|Any CPU
		{BBCAF9F0-0071-44BB-82F4-2081F5E9EBBC}.Release libscrypt x64|Mixed Platforms.ActiveCfg = Release|Any CPU
		{BBCAF9F0-0071-44BB-82F4-2081F5E9EBBC}.Release libscrypt x64|Win32.ActiveCfg = Release|Any CPU
		{BBCAF9F0-0071-44BB-82F4-2081F5E9EBBC}.Release libscrypt x64|x64.ActiveCfg = Release|Any CPU
		{BBCAF9F0-0071-44BB-82F4-2081F5E9EBBC}.Release|Any CPU.ActiveCfg = Release|Any CPU
		{BBCAF9F0-0071-44BB-82F4-2081F5E9EBBC}.Release|Any CPU.Build.0 = Release|Any CPU
		{BBCAF9F0-0071-44BB-82F4-2081F5E9EBBC}.Release|Mixed Platforms.ActiveCfg = Release|Any CPU
		{BBCAF9F0-0071-44BB-82F4-2081F5E9EBBC}.Release|Mixed Platforms.Build.0 = Release|Any CPU
		{BBCAF9F0-0071-44BB-82F4-2081F5E9EBBC}.Release|Win32.ActiveCfg = Release|Any CPU
		{BBCAF9F0-0071-44BB-82F4-2081F5E9EBBC}.Release|x64.ActiveCfg = Release|Any CPU
		{3000F8CA-664D-40F5-9296-E67477146D91}.Debug libscrypt Win32|Any CPU.ActiveCfg = Debug|Any CPU
		{3000F8CA-664D-40F5-9296-E67477146D91}.Debug libscrypt Win32|Any CPU.Build.0 = Debug|Any CPU
		{3000F8CA-664D-40F5-9296-E67477146D91}.Debug libscrypt Win32|Mixed Platforms.ActiveCfg = Debug|Any CPU
		{3000F8CA-664D-40F5-9296-E67477146D91}.Debug libscrypt Win32|Win32.ActiveCfg = Debug|Any CPU
		{3000F8CA-664D-40F5-9296-E67477146D91}.Debug libscrypt Win32|x64.ActiveCfg = Debug|Any CPU
		{3000F8CA-664D-40F5-9296-E67477146D91}.Debug libscrypt x64|Any CPU.ActiveCfg = Debug|Any CPU
		{3000F8CA-664D-40F5-9296-E67477146D91}.Debug libscrypt x64|Any CPU.Build.0 = Debug|Any CPU
		{3000F8CA-664D-40F5-9296-E67477146D91}.Debug libscrypt x64|Mixed Platforms.ActiveCfg = Debug|Any CPU
		{3000F8CA-664D-40F5-9296-E67477146D91}.Debug libscrypt x64|Win32.ActiveCfg = Debug|Any CPU
		{3000F8CA-664D-40F5-9296-E67477146D91}.Debug libscrypt x64|x64.ActiveCfg = Debug|Any CPU
		{3000F8CA-664D-40F5-9296-E67477146D91}.Debug|Any CPU.ActiveCfg = Debug|Any CPU
		{3000F8CA-664D-40F5-9296-E67477146D91}.Debug|Any CPU.Build.0 = Debug|Any CPU
		{3000F8CA-664D-40F5-9296-E67477146D91}.Debug|Mixed Platforms.ActiveCfg = Debug|Any CPU
		{3000F8CA-664D-40F5-9296-E67477146D91}.Debug|Mixed Platforms.Build.0 = Debug|Any CPU
		{3000F8CA-664D-40F5-9296-E67477146D91}.Debug|Win32.ActiveCfg = Debug|Any CPU
		{3000F8CA-664D-40F5-9296-E67477146D91}.Debug|x64.ActiveCfg = Debug|Any CPU
		{3000F8CA-664D-40F5-9296-E67477146D91}.Release libscrypt Win32|Any CPU.ActiveCfg = Release|Any CPU
		{3000F8CA-664D-40F5-9296-E67477146D91}.Release libscrypt Win32|Any CPU.Build.0 = Release|Any CPU
		{3000F8CA-664D-40F5-9296-E67477146D91}.Release libscrypt Win32|Mixed Platforms.ActiveCfg = Release|Any CPU
		{3000F8CA-664D-40F5-9296-E67477146D91}.Release libscrypt Win32|Win32.ActiveCfg = Release|Any CPU
		{3000F8CA-664D-40F5-9296-E67477146D91}.Release libscrypt Win32|x64.ActiveCfg = Release|Any CPU
		{3000F8CA-664D-40F5-9296-E67477146D91}.Release libscrypt x64|Any CPU.ActiveCfg = Release|Any CPU
		{3000F8CA-664D-40F5-9296-E67477146D91}.Release libscrypt x64|Any CPU.Build.0 = Release|Any CPU
		{3000F8CA-664D-40F5-9296-E67477146D91}.Release libscrypt x64|Mixed Platforms.ActiveCfg = Release|Any CPU
		{3000F8CA-664D-40F5-9296-E67477146D91}.Release libscrypt x64|Win32.ActiveCfg = Release|Any CPU
		{3000F8CA-664D-40F5-9296-E67477146D91}.Release libscrypt x64|x64.ActiveCfg = Release|Any CPU
		{3000F8CA-664D-40F5-9296-E67477146D91}.Release|Any CPU.ActiveCfg = Release|Any CPU
		{3000F8CA-664D-40F5-9296-E67477146D91}.Release|Any CPU.Build.0 = Release|Any CPU
		{3000F8CA-664D-40F5-9296-E67477146D91}.Release|Mixed Platforms.ActiveCfg = Release|Any CPU
		{3000F8CA-664D-40F5-9296-E67477146D91}.Release|Mixed Platforms.Build.0 = Release|Any CPU
		{3000F8CA-664D-40F5-9296-E67477146D91}.Release|Win32.ActiveCfg = Release|Any CPU
		{3000F8CA-664D-40F5-9296-E67477146D91}.Release|x64.ActiveCfg = Release|Any CPU
		{4D35A557-DC23-4242-B948-0E38E45E9354}.Debug libscrypt Win32|Any CPU.ActiveCfg = Debug|Any CPU
		{4D35A557-DC23-4242-B948-0E38E45E9354}.Debug libscrypt Win32|Any CPU.Build.0 = Debug|Any CPU
		{4D35A557-DC23-4242-B948-0E38E45E9354}.Debug libscrypt Win32|Mixed Platforms.ActiveCfg = Debug|Any CPU
		{4D35A557-DC23-4242-B948-0E38E45E9354}.Debug libscrypt Win32|Win32.ActiveCfg = Debug|Any CPU
		{4D35A557-DC23-4242-B948-0E38E45E9354}.Debug libscrypt Win32|x64.ActiveCfg = Debug|Any CPU
		{4D35A557-DC23-4242-B948-0E38E45E9354}.Debug libscrypt x64|Any CPU.ActiveCfg = Debug|Any CPU
		{4D35A557-DC23-4242-B948-0E38E45E9354}.Debug libscrypt x64|Any CPU.Build.0 = Debug|Any CPU
		{4D35A557-DC23-4242-B948-0E38E45E9354}.Debug libscrypt x64|Mixed Platforms.ActiveCfg = Debug|Any CPU
		{4D35A557-DC23-4242-B948-0E38E45E9354}.Debug libscrypt x64|Win32.ActiveCfg = Debug|Any CPU
		{4D35A557-DC23-4242-B948-0E38E45E9354}.Debug libscrypt x64|x64.ActiveCfg = Debug|Any CPU
		{4D35A557-DC23-4242-B948-0E38E45E9354}.Debug|Any CPU.ActiveCfg = Debug|Any CPU
		{4D35A557-DC23-4242-B948-0E38E45E9354}.Debug|Any CPU.Build.0 = Debug|Any CPU
		{4D35A557-DC23-4242-B948-0E38E45E9354}.Debug|Mixed Platforms.ActiveCfg = Debug|Any CPU
		{4D35A557-DC23-4242-B948-0E38E45E9354}.Debug|Mixed Platforms.Build.0 = Debug|Any CPU
		{4D35A557-DC23-4242-B948-0E38E45E9354}.Debug|Win32.ActiveCfg = Debug|Any CPU
		{4D35A557-DC23-4242-B948-0E38E45E9354}.Debug|x64.ActiveCfg = Debug|Any CPU
		{4D35A557-DC23-4242-B948-0E38E45E9354}.Release libscrypt Win32|Any CPU.ActiveCfg = Release|Any CPU
		{4D35A557-DC23-4242-B948-0E38E45E9354}.Release libscrypt Win32|Any CPU.Build.0 = Release|Any CPU
		{4D35A557-DC23-4242-B948-0E38E45E9354}.Release libscrypt Win32|Mixed Platforms.ActiveCfg = Release|Any CPU
		{4D35A557-DC23-4242-B948-0E38E45E9354}.Release libscrypt Win32|Win32.ActiveCfg = Release|Any CPU
		{4D35A557-DC23-4242-B948-0E38E45E9354}.Release libscrypt Win32|x64.ActiveCfg = Release|Any CPU
		{4D35A557-DC23-4242-B948-0E38E45E9354}.Release libscrypt x64|Any CPU.ActiveCfg = Release|Any CPU
		{4D35A557-DC23-4242-B948-0E38E45E9354}.Release libscrypt x64|Any CPU.Build.0 = Release|Any CPU
		{4D35A557-DC23-4242-B948-0E38E45E9354}.Release libscrypt x64|Mixed Platforms.ActiveCfg = Release|Any CPU
		{4D35A557-DC23-4242-B948-0E38E45E9354}.Release libscrypt x64|Win32.ActiveCfg = Release|Any CPU
		{4D35A557-DC23-4242-B948-0E38E45E9354}.Release libscrypt x64|x64.ActiveCfg = Release|Any CPU
		{4D35A557-DC23-4242-B948-0E38E45E9354}.Release|Any CPU.ActiveCfg = Release|Any CPU
		{4D35A557-DC23-4242-B948-0E38E45E9354}.Release|Any CPU.Build.0 = Release|Any CPU
		{4D35A557-DC23-4242-B948-0E38E45E9354}.Release|Mixed Platforms.ActiveCfg = Release|Any CPU
		{4D35A557-DC23-4242-B948-0E38E45E9354}.Release|Mixed Platforms.Build.0 = Release|Any CPU
		{4D35A557-DC23-4242-B948-0E38E45E9354}.Release|Win32.ActiveCfg = Release|Any CPU
		{4D35A557-DC23-4242-B948-0E38E45E9354}.Release|x64.ActiveCfg = Release|Any CPU
	EndGlobalSection
	GlobalSection(SolutionProperties) = preSolution
		HideSolutionNode = FALSE
	EndGlobalSection
EndGlobal
